
Microsoft Visual Studio Solution File, Format Version 12.00
# Visual Studio Version 16
VisualStudioVersion = 16.0.30804.86
MinimumVisualStudioVersion = 15.0.26124.0
Project("{FAE04EC0-301F-11D3-BF4B-00C04F79EFBC}") = "API", "API\API.csproj", "{EB76AFD3-C14C-4ABB-920E-EB257C857D44}"
EndProject
Project("{FAE04EC0-301F-11D3-BF4B-00C04F79EFBC}") = "Domain", "Domain\Domain.csproj", "{5838D934-2076-436A-8717-4FFFAAB2F506}"
EndProject
Project("{FAE04EC0-301F-11D3-BF4B-00C04F79EFBC}") = "Application", "Application\Application.csproj", "{81B05B2C-0D4C-427B-A6EC-F4FEAFEF99DA}"
EndProject
Project("{FAE04EC0-301F-11D3-BF4B-00C04F79EFBC}") = "Persistence", "Persistence\Persistence.csproj", "{9E541C12-2336-4834-A292-67808E583415}"
EndProject
Global
	GlobalSection(SolutionConfigurationPlatforms) = preSolution
		Debug|Any CPU = Debug|Any CPU
		Debug|x64 = Debug|x64
		Debug|x86 = Debug|x86
		Release|Any CPU = Release|Any CPU
		Release|x64 = Release|x64
		Release|x86 = Release|x86
	EndGlobalSection
	GlobalSection(ProjectConfigurationPlatforms) = postSolution
		{EB76AFD3-C14C-4ABB-920E-EB257C857D44}.Debug|Any CPU.ActiveCfg = Debug|Any CPU
		{EB76AFD3-C14C-4ABB-920E-EB257C857D44}.Debug|Any CPU.Build.0 = Debug|Any CPU
		{EB76AFD3-C14C-4ABB-920E-EB257C857D44}.Debug|x64.ActiveCfg = Debug|Any CPU
		{EB76AFD3-C14C-4ABB-920E-EB257C857D44}.Debug|x64.Build.0 = Debug|Any CPU
		{EB76AFD3-C14C-4ABB-920E-EB257C857D44}.Debug|x86.ActiveCfg = Debug|Any CPU
		{EB76AFD3-C14C-4ABB-920E-EB257C857D44}.Debug|x86.Build.0 = Debug|Any CPU
		{EB76AFD3-C14C-4ABB-920E-EB257C857D44}.Release|Any CPU.ActiveCfg = Release|Any CPU
		{EB76AFD3-C14C-4ABB-920E-EB257C857D44}.Release|Any CPU.Build.0 = Release|Any CPU
		{EB76AFD3-C14C-4ABB-920E-EB257C857D44}.Release|x64.ActiveCfg = Release|Any CPU
		{EB76AFD3-C14C-4ABB-920E-EB257C857D44}.Release|x64.Build.0 = Release|Any CPU
		{EB76AFD3-C14C-4ABB-920E-EB257C857D44}.Release|x86.ActiveCfg = Release|Any CPU
		{EB76AFD3-C14C-4ABB-920E-EB257C857D44}.Release|x86.Build.0 = Release|Any CPU
		{5838D934-2076-436A-8717-4FFFAAB2F506}.Debug|Any CPU.ActiveCfg = Debug|Any CPU
		{5838D934-2076-436A-8717-4FFFAAB2F506}.Debug|Any CPU.Build.0 = Debug|Any CPU
		{5838D934-2076-436A-8717-4FFFAAB2F506}.Debug|x64.ActiveCfg = Debug|Any CPU
		{5838D934-2076-436A-8717-4FFFAAB2F506}.Debug|x64.Build.0 = Debug|Any CPU
		{5838D934-2076-436A-8717-4FFFAAB2F506}.Debug|x86.ActiveCfg = Debug|Any CPU
		{5838D934-2076-436A-8717-4FFFAAB2F506}.Debug|x86.Build.0 = Debug|Any CPU
		{5838D934-2076-436A-8717-4FFFAAB2F506}.Release|Any CPU.ActiveCfg = Release|Any CPU
		{5838D934-2076-436A-8717-4FFFAAB2F506}.Release|Any CPU.Build.0 = Release|Any CPU
		{5838D934-2076-436A-8717-4FFFAAB2F506}.Release|x64.ActiveCfg = Release|Any CPU
		{5838D934-2076-436A-8717-4FFFAAB2F506}.Release|x64.Build.0 = Release|Any CPU
		{5838D934-2076-436A-8717-4FFFAAB2F506}.Release|x86.ActiveCfg = Release|Any CPU
		{5838D934-2076-436A-8717-4FFFAAB2F506}.Release|x86.Build.0 = Release|Any CPU
		{81B05B2C-0D4C-427B-A6EC-F4FEAFEF99DA}.Debug|Any CPU.ActiveCfg = Debug|Any CPU
		{81B05B2C-0D4C-427B-A6EC-F4FEAFEF99DA}.Debug|Any CPU.Build.0 = Debug|Any CPU
		{81B05B2C-0D4C-427B-A6EC-F4FEAFEF99DA}.Debug|x64.ActiveCfg = Debug|Any CPU
		{81B05B2C-0D4C-427B-A6EC-F4FEAFEF99DA}.Debug|x64.Build.0 = Debug|Any CPU
		{81B05B2C-0D4C-427B-A6EC-F4FEAFEF99DA}.Debug|x86.ActiveCfg = Debug|Any CPU
		{81B05B2C-0D4C-427B-A6EC-F4FEAFEF99DA}.Debug|x86.Build.0 = Debug|Any CPU
		{81B05B2C-0D4C-427B-A6EC-F4FEAFEF99DA}.Release|Any CPU.ActiveCfg = Release|Any CPU
		{81B05B2C-0D4C-427B-A6EC-F4FEAFEF99DA}.Release|Any CPU.Build.0 = Release|Any CPU
		{81B05B2C-0D4C-427B-A6EC-F4FEAFEF99DA}.Release|x64.ActiveCfg = Release|Any CPU
		{81B05B2C-0D4C-427B-A6EC-F4FEAFEF99DA}.Release|x64.Build.0 = Release|Any CPU
		{81B05B2C-0D4C-427B-A6EC-F4FEAFEF99DA}.Release|x86.ActiveCfg = Release|Any CPU
		{81B05B2C-0D4C-427B-A6EC-F4FEAFEF99DA}.Release|x86.Build.0 = Release|Any CPU
		{9E541C12-2336-4834-A292-67808E583415}.Debug|Any CPU.ActiveCfg = Debug|Any CPU
		{9E541C12-2336-4834-A292-67808E583415}.Debug|Any CPU.Build.0 = Debug|Any CPU
		{9E541C12-2336-4834-A292-67808E583415}.Debug|x64.ActiveCfg = Debug|Any CPU
		{9E541C12-2336-4834-A292-67808E583415}.Debug|x64.Build.0 = Debug|Any CPU
		{9E541C12-2336-4834-A292-67808E583415}.Debug|x86.ActiveCfg = Debug|Any CPU
		{9E541C12-2336-4834-A292-67808E583415}.Debug|x86.Build.0 = Debug|Any CPU
		{9E541C12-2336-4834-A292-67808E583415}.Release|Any CPU.ActiveCfg = Release|Any CPU
		{9E541C12-2336-4834-A292-67808E583415}.Release|Any CPU.Build.0 = Release|Any CPU
		{9E541C12-2336-4834-A292-67808E583415}.Release|x64.ActiveCfg = Release|Any CPU
		{9E541C12-2336-4834-A292-67808E583415}.Release|x64.Build.0 = Release|Any CPU
		{9E541C12-2336-4834-A292-67808E583415}.Release|x86.ActiveCfg = Release|Any CPU
		{9E541C12-2336-4834-A292-67808E583415}.Release|x86.Build.0 = Release|Any CPU
	EndGlobalSection
	GlobalSection(SolutionProperties) = preSolution
		HideSolutionNode = FALSE
	EndGlobalSection
	GlobalSection(ExtensibilityGlobals) = postSolution
		SolutionGuid = {AB43CBBA-C6BE-42E0-B047-488C0CD46D89}
	EndGlobalSection
EndGlobal
